
Microsoft Visual Studio Solution File, Format Version 12.00
# Visual Studio Version 17
VisualStudioVersion = 17.7.34031.279
MinimumVisualStudioVersion = 10.0.40219.1
Project("{9A19103F-16F7-4668-BE54-9A1E7A4F7556}") = "DesafioPOO", "DesafioPOO.csproj", "{1DF7D297-B96E-4674-8458-A167B90D649E}"
EndProject
Global
	GlobalSection(SolutionConfigurationPlatforms) = preSolution
		Debug|Any CPU = Debug|Any CPU
		Release|Any CPU = Release|Any CPU
	EndGlobalSection
	GlobalSection(ProjectConfigurationPlatforms) = postSolution
		{1DF7D297-B96E-4674-8458-A167B90D649E}.Debug|Any CPU.ActiveCfg = Debug|Any CPU
		{1DF7D297-B96E-4674-8458-A167B90D649E}.Debug|Any CPU.Build.0 = Debug|Any CPU
		{1DF7D297-B96E-4674-8458-A167B90D649E}.Release|Any CPU.ActiveCfg = Release|Any CPU
		{1DF7D297-B96E-4674-8458-A167B90D649E}.Release|Any CPU.Build.0 = Release|Any CPU
	EndGlobalSection
	GlobalSection(SolutionProperties) = preSolution
		HideSolutionNode = FALSE
	EndGlobalSection
	GlobalSection(ExtensibilityGlobals) = postSolution
		SolutionGuid = {4779E7B2-A20B-4AC6-A619-65C10EA108BD}
	EndGlobalSection
EndGlobal
