
Microsoft Visual Studio Solution File, Format Version 12.00
# Visual Studio Version 17
VisualStudioVersion = 17.5.002.0
MinimumVisualStudioVersion = 10.0.40219.1
Project("{9A19103F-16F7-4668-BE54-9A1E7A4F7556}") = "DesafioPOO", "DesafioPOO.csproj", "{619EA49A-E69E-4D54-878A-99DEA45BBC63}"
EndProject
Global
	GlobalSection(SolutionConfigurationPlatforms) = preSolution
		Debug|Any CPU = Debug|Any CPU
		Release|Any CPU = Release|Any CPU
	EndGlobalSection
	GlobalSection(ProjectConfigurationPlatforms) = postSolution
		{619EA49A-E69E-4D54-878A-99DEA45BBC63}.Debug|Any CPU.ActiveCfg = Debug|Any CPU
		{619EA49A-E69E-4D54-878A-99DEA45BBC63}.Debug|Any CPU.Build.0 = Debug|Any CPU
		{619EA49A-E69E-4D54-878A-99DEA45BBC63}.Release|Any CPU.ActiveCfg = Release|Any CPU
		{619EA49A-E69E-4D54-878A-99DEA45BBC63}.Release|Any CPU.Build.0 = Release|Any CPU
	EndGlobalSection
	GlobalSection(SolutionProperties) = preSolution
		HideSolutionNode = FALSE
	EndGlobalSection
	GlobalSection(ExtensibilityGlobals) = postSolution
		SolutionGuid = {5BB3C088-2B1F-4EDC-97F9-0061508C9C4D}
	EndGlobalSection
EndGlobal
