
Microsoft Visual Studio Solution File, Format Version 12.00
# Visual Studio Version 17
VisualStudioVersion = 17.5.002.0
MinimumVisualStudioVersion = 10.0.40219.1
Project("{9A19103F-16F7-4668-BE54-9A1E7A4F7556}") = "DesafioPOO", "DesafioPOO.csproj", "{1EA082E5-CF7C-4543-A476-428E0CFF3AC5}"
EndProject
Global
	GlobalSection(SolutionConfigurationPlatforms) = preSolution
		Debug|Any CPU = Debug|Any CPU
		Release|Any CPU = Release|Any CPU
	EndGlobalSection
	GlobalSection(ProjectConfigurationPlatforms) = postSolution
		{1EA082E5-CF7C-4543-A476-428E0CFF3AC5}.Debug|Any CPU.ActiveCfg = Debug|Any CPU
		{1EA082E5-CF7C-4543-A476-428E0CFF3AC5}.Debug|Any CPU.Build.0 = Debug|Any CPU
		{1EA082E5-CF7C-4543-A476-428E0CFF3AC5}.Release|Any CPU.ActiveCfg = Release|Any CPU
		{1EA082E5-CF7C-4543-A476-428E0CFF3AC5}.Release|Any CPU.Build.0 = Release|Any CPU
	EndGlobalSection
	GlobalSection(SolutionProperties) = preSolution
		HideSolutionNode = FALSE
	EndGlobalSection
	GlobalSection(ExtensibilityGlobals) = postSolution
		SolutionGuid = {EF8CA6EC-B4BD-4AD0-9BD7-BE5CC21570C5}
	EndGlobalSection
EndGlobal
