
Microsoft Visual Studio Solution File, Format Version 12.00
# Visual Studio Version 17
VisualStudioVersion = 17.5.002.0
MinimumVisualStudioVersion = 10.0.40219.1
Project("{9A19103F-16F7-4668-BE54-9A1E7A4F7556}") = "DesafioPOO", "DesafioPOO.csproj", "{187675EE-80EA-4C48-ACFA-15C3BB83CDC6}"
EndProject
Global
	GlobalSection(SolutionConfigurationPlatforms) = preSolution
		Debug|Any CPU = Debug|Any CPU
		Release|Any CPU = Release|Any CPU
	EndGlobalSection
	GlobalSection(ProjectConfigurationPlatforms) = postSolution
		{187675EE-80EA-4C48-ACFA-15C3BB83CDC6}.Debug|Any CPU.ActiveCfg = Debug|Any CPU
		{187675EE-80EA-4C48-ACFA-15C3BB83CDC6}.Debug|Any CPU.Build.0 = Debug|Any CPU
		{187675EE-80EA-4C48-ACFA-15C3BB83CDC6}.Release|Any CPU.ActiveCfg = Release|Any CPU
		{187675EE-80EA-4C48-ACFA-15C3BB83CDC6}.Release|Any CPU.Build.0 = Release|Any CPU
	EndGlobalSection
	GlobalSection(SolutionProperties) = preSolution
		HideSolutionNode = FALSE
	EndGlobalSection
	GlobalSection(ExtensibilityGlobals) = postSolution
		SolutionGuid = {BCF2691A-B480-462B-B635-0D0F7A20ABEF}
	EndGlobalSection
EndGlobal
