
Microsoft Visual Studio Solution File, Format Version 12.00
# Visual Studio Version 17
VisualStudioVersion = 17.5.002.0
MinimumVisualStudioVersion = 10.0.40219.1
Project("{9A19103F-16F7-4668-BE54-9A1E7A4F7556}") = "DesafioPOO", "DesafioPOO.csproj", "{8B20C6BC-0D19-452D-B594-2E2785E2F90A}"
EndProject
Global
	GlobalSection(SolutionConfigurationPlatforms) = preSolution
		Debug|Any CPU = Debug|Any CPU
		Release|Any CPU = Release|Any CPU
	EndGlobalSection
	GlobalSection(ProjectConfigurationPlatforms) = postSolution
		{8B20C6BC-0D19-452D-B594-2E2785E2F90A}.Debug|Any CPU.ActiveCfg = Debug|Any CPU
		{8B20C6BC-0D19-452D-B594-2E2785E2F90A}.Debug|Any CPU.Build.0 = Debug|Any CPU
		{8B20C6BC-0D19-452D-B594-2E2785E2F90A}.Release|Any CPU.ActiveCfg = Release|Any CPU
		{8B20C6BC-0D19-452D-B594-2E2785E2F90A}.Release|Any CPU.Build.0 = Release|Any CPU
	EndGlobalSection
	GlobalSection(SolutionProperties) = preSolution
		HideSolutionNode = FALSE
	EndGlobalSection
	GlobalSection(ExtensibilityGlobals) = postSolution
		SolutionGuid = {E7364508-FFA5-4E75-A12D-9B75D4C83F39}
	EndGlobalSection
EndGlobal
