
Microsoft Visual Studio Solution File, Format Version 12.00
# Visual Studio Version 17
VisualStudioVersion = 17.5.002.0
MinimumVisualStudioVersion = 10.0.40219.1
Project("{9A19103F-16F7-4668-BE54-9A1E7A4F7556}") = "DesafioPOO", "DesafioPOO.csproj", "{FF483915-2977-4D82-A192-9DDFBDD62F76}"
EndProject
Global
	GlobalSection(SolutionConfigurationPlatforms) = preSolution
		Debug|Any CPU = Debug|Any CPU
		Release|Any CPU = Release|Any CPU
	EndGlobalSection
	GlobalSection(ProjectConfigurationPlatforms) = postSolution
		{FF483915-2977-4D82-A192-9DDFBDD62F76}.Debug|Any CPU.ActiveCfg = Debug|Any CPU
		{FF483915-2977-4D82-A192-9DDFBDD62F76}.Debug|Any CPU.Build.0 = Debug|Any CPU
		{FF483915-2977-4D82-A192-9DDFBDD62F76}.Release|Any CPU.ActiveCfg = Release|Any CPU
		{FF483915-2977-4D82-A192-9DDFBDD62F76}.Release|Any CPU.Build.0 = Release|Any CPU
	EndGlobalSection
	GlobalSection(SolutionProperties) = preSolution
		HideSolutionNode = FALSE
	EndGlobalSection
	GlobalSection(ExtensibilityGlobals) = postSolution
		SolutionGuid = {5D15CA77-9C7B-43F4-8550-78AC5AA45680}
	EndGlobalSection
EndGlobal
